
Microsoft Visual Studio Solution File, Format Version 12.00
# Visual Studio Version 16
VisualStudioVersion = 16.0.29613.14
MinimumVisualStudioVersion = 10.0.40219.1
Project("{FAE04EC0-301F-11D3-BF4B-00C04F79EFBC}") = "progress-view-windows", "progress-view-windows\progress-view-windows.csproj", "{8C9AF0A6-64E7-4978-80EA-75CC9B1EBB2F}"
EndProject
Global
	GlobalSection(SolutionConfigurationPlatforms) = preSolution
		Debug|Any CPU = Debug|Any CPU
		Debug|ARM = Debug|ARM
		Debug|ARM64 = Debug|ARM64
		Debug|x64 = Debug|x64
		Debug|x86 = Debug|x86
		Release|Any CPU = Release|Any CPU
		Release|ARM = Release|ARM
		Release|ARM64 = Release|ARM64
		Release|x64 = Release|x64
		Release|x86 = Release|x86
	EndGlobalSection
	GlobalSection(ProjectConfigurationPlatforms) = postSolution
		{8C9AF0A6-64E7-4978-80EA-75CC9B1EBB2F}.Debug|Any CPU.ActiveCfg = Debug|Any CPU
		{8C9AF0A6-64E7-4978-80EA-75CC9B1EBB2F}.Debug|Any CPU.Build.0 = Debug|Any CPU
		{8C9AF0A6-64E7-4978-80EA-75CC9B1EBB2F}.Debug|ARM.ActiveCfg = Debug|ARM
		{8C9AF0A6-64E7-4978-80EA-75CC9B1EBB2F}.Debug|ARM.Build.0 = Debug|ARM
		{8C9AF0A6-64E7-4978-80EA-75CC9B1EBB2F}.Debug|ARM64.ActiveCfg = Debug|ARM64
		{8C9AF0A6-64E7-4978-80EA-75CC9B1EBB2F}.Debug|ARM64.Build.0 = Debug|ARM64
		{8C9AF0A6-64E7-4978-80EA-75CC9B1EBB2F}.Debug|x64.ActiveCfg = Debug|x64
		{8C9AF0A6-64E7-4978-80EA-75CC9B1EBB2F}.Debug|x64.Build.0 = Debug|x64
		{8C9AF0A6-64E7-4978-80EA-75CC9B1EBB2F}.Debug|x86.ActiveCfg = Debug|x86
		{8C9AF0A6-64E7-4978-80EA-75CC9B1EBB2F}.Debug|x86.Build.0 = Debug|x86
		{8C9AF0A6-64E7-4978-80EA-75CC9B1EBB2F}.Release|Any CPU.ActiveCfg = Release|Any CPU
		{8C9AF0A6-64E7-4978-80EA-75CC9B1EBB2F}.Release|Any CPU.Build.0 = Release|Any CPU
		{8C9AF0A6-64E7-4978-80EA-75CC9B1EBB2F}.Release|ARM.ActiveCfg = Release|ARM
		{8C9AF0A6-64E7-4978-80EA-75CC9B1EBB2F}.Release|ARM.Build.0 = Release|ARM
		{8C9AF0A6-64E7-4978-80EA-75CC9B1EBB2F}.Release|ARM64.ActiveCfg = Release|ARM64
		{8C9AF0A6-64E7-4978-80EA-75CC9B1EBB2F}.Release|ARM64.Build.0 = Release|ARM64
		{8C9AF0A6-64E7-4978-80EA-75CC9B1EBB2F}.Release|x64.ActiveCfg = Release|x64
		{8C9AF0A6-64E7-4978-80EA-75CC9B1EBB2F}.Release|x64.Build.0 = Release|x64
		{8C9AF0A6-64E7-4978-80EA-75CC9B1EBB2F}.Release|x86.ActiveCfg = Release|x86
		{8C9AF0A6-64E7-4978-80EA-75CC9B1EBB2F}.Release|x86.Build.0 = Release|x86
	EndGlobalSection
	GlobalSection(SolutionProperties) = preSolution
		HideSolutionNode = FALSE
	EndGlobalSection
	GlobalSection(ExtensibilityGlobals) = postSolution
		SolutionGuid = {6F43611B-BC3C-4676-B85E-2CA2B3AFE3BD}
	EndGlobalSection
EndGlobal
